
Microsoft Visual Studio Solution File, Format Version 12.00
# Visual Studio Version 16
VisualStudioVersion = 16.0.29009.5
MinimumVisualStudioVersion = 10.0.40219.1
Project("{FAE04EC0-301F-11D3-BF4B-00C04F79EFBC}") = "LightsOut", "LightsOut\LightsOut.csproj", "{65F639FD-3E28-47F3-8655-A678ED6C96D9}"
EndProject
Global
	GlobalSection(SolutionConfigurationPlatforms) = preSolution
		Debug|Any CPU = Debug|Any CPU
		Release|Any CPU = Release|Any CPU
	EndGlobalSection
	GlobalSection(ProjectConfigurationPlatforms) = postSolution
		{65F639FD-3E28-47F3-8655-A678ED6C96D9}.Debug|Any CPU.ActiveCfg = Debug|Any CPU
		{65F639FD-3E28-47F3-8655-A678ED6C96D9}.Debug|Any CPU.Build.0 = Debug|Any CPU
		{65F639FD-3E28-47F3-8655-A678ED6C96D9}.Release|Any CPU.ActiveCfg = Release|Any CPU
		{65F639FD-3E28-47F3-8655-A678ED6C96D9}.Release|Any CPU.Build.0 = Release|Any CPU
	EndGlobalSection
	GlobalSection(SolutionProperties) = preSolution
		HideSolutionNode = FALSE
	EndGlobalSection
	GlobalSection(ExtensibilityGlobals) = postSolution
		SolutionGuid = {3984DEB3-E6CB-4301-8145-0239308F0F25}
	EndGlobalSection
EndGlobal
